
Microsoft Visual Studio Solution File, Format Version 12.00
# Visual Studio 14
VisualStudioVersion = 14.0.23107.0
MinimumVisualStudioVersion = 10.0.40219.1
Project("{FAE04EC0-301F-11D3-BF4B-00C04F79EFBC}") = "001 Creating a thread with the Thread class", "Creating a thread with the Thread class\001 Creating a thread with the Thread class.csproj", "{59A7DB30-EFC7-41A6-BD84-661655DF34A0}"
EndProject
Project("{2150E333-8FDC-42A3-9474-1A3956D46DE8}") = "Thread", "Thread", "{BDDE201C-D921-4816-8A5A-D3C338350C82}"
EndProject
Project("{2150E333-8FDC-42A3-9474-1A3956D46DE8}") = "Asynchronous Programming Patterns", "Asynchronous Programming Patterns", "{0E5583B2-79B4-4B0B-96D8-B2B9969B988A}"
EndProject
Project("{FAE04EC0-301F-11D3-BF4B-00C04F79EFBC}") = "002 Blocking Application Execution by Ending Async Operation", "Blocking Application Execution by Ending Async Operation\002 Blocking Application Execution by Ending Async Operation.csproj", "{E519D88E-C177-411E-A0AE-3023EAF40F6E}"
EndProject
Project("{FAE04EC0-301F-11D3-BF4B-00C04F79EFBC}") = "001 Blocking Application Execution Using an AsyncWaitHandle", "Blocking Application Execution Using an AsyncWaitHandle\001 Blocking Application Execution Using an AsyncWaitHandle.csproj", "{1A60722A-8AE2-4506-970F-C82E9D1F8FFA}"
EndProject
Project("{FAE04EC0-301F-11D3-BF4B-00C04F79EFBC}") = "003 Polling for the Status of an Asynchronous Operation", "Polling for the Status of an Asynchronous Operation\003 Polling for the Status of an Asynchronous Operation.csproj", "{E86EEC70-0EF9-4DE4-9C1F-3B26A4EE76C0}"
EndProject
Project("{FAE04EC0-301F-11D3-BF4B-00C04F79EFBC}") = "004 Using AsyncCallback Delegate to End Asynchronous Operation", "Using AsyncCallback Delegate to End Asynchronous Operation\004 Using AsyncCallback Delegate to End Asynchronous Operation.csproj", "{17FB158E-8A3F-4A46-A525-7F088A596523}"
EndProject
Project("{FAE04EC0-301F-11D3-BF4B-00C04F79EFBC}") = "EAP Event-based Asynchronous Pattern", "EAP Event-based Asynchronous Pattern\EAP Event-based Asynchronous Pattern.csproj", "{16925AB0-2F95-4677-B8F6-E7722B401EBA}"
EndProject
Project("{FAE04EC0-301F-11D3-BF4B-00C04F79EFBC}") = "TAP Task-based Asynchronous Pattern", "TAP Task-based Asynchronous Pattern\TAP Task-based Asynchronous Pattern.csproj", "{0C189472-4B58-4DB6-A513-62BB1BBA4A64}"
EndProject
Project("{2150E333-8FDC-42A3-9474-1A3956D46DE8}") = "APM EAP TAP", "APM EAP TAP", "{327CA894-8C8B-4CC8-8172-C32D6D87212D}"
EndProject
Project("{FAE04EC0-301F-11D3-BF4B-00C04F79EFBC}") = "APM Asynchronous Programming Model", "APM Asynchronous Programming Model\APM Asynchronous Programming Model.csproj", "{43741388-0760-47C1-84C6-0607FADDFF5C}"
EndProject
Project("{FAE04EC0-301F-11D3-BF4B-00C04F79EFBC}") = "002 Using a background thread", "Using a background thread\002 Using a background thread.csproj", "{07E504C7-368D-47B1-AD41-9CA8F39BCDAC}"
EndProject
Project("{FAE04EC0-301F-11D3-BF4B-00C04F79EFBC}") = "003 Using the ParameterizedThreadStart", "Using the ParameterizedThreadStart\003 Using the ParameterizedThreadStart.csproj", "{42C00E31-1BCD-47B4-B3C8-7D1654D3A664}"
EndProject
Project("{FAE04EC0-301F-11D3-BF4B-00C04F79EFBC}") = "004 Stopping a thread", "Stopping a thread\004 Stopping a thread.csproj", "{A9ED97A4-9A98-4E06-8017-7D1F3C2BEDFC}"
EndProject
Project("{FAE04EC0-301F-11D3-BF4B-00C04F79EFBC}") = "005 Using the ThreadStaticAttribute", "Using the ThreadStaticAttribute\005 Using the ThreadStaticAttribute.csproj", "{5456260D-36DF-4A71-B018-604F0F459E9F}"
EndProject
Project("{FAE04EC0-301F-11D3-BF4B-00C04F79EFBC}") = "006 Using ThreadLocal", "Using ThreadLocal\006 Using ThreadLocal.csproj", "{E8CD0734-D222-4842-8581-2C06F0927E5E}"
EndProject
Project("{FAE04EC0-301F-11D3-BF4B-00C04F79EFBC}") = "007 Queuing some work to the thread pool", "Queuing some work to the thread pool\007 Queuing some work to the thread pool.csproj", "{6D73385A-1CB4-4F5D-9AD7-6921B9A526A2}"
EndProject
Project("{2150E333-8FDC-42A3-9474-1A3956D46DE8}") = "Task", "Task", "{5F0D12E2-E577-45CA-B65C-6B754F60EDFD}"
EndProject
Project("{FAE04EC0-301F-11D3-BF4B-00C04F79EFBC}") = "001 Starting a new Task", "Starting a new Task\001 Starting a new Task.csproj", "{DA6493F9-95AD-449D-8C37-3D4294760B90}"
EndProject
Project("{FAE04EC0-301F-11D3-BF4B-00C04F79EFBC}") = "003 Using a Task that returns a value", "Using a Task that returns a value\003 Using a Task that returns a value.csproj", "{B95D0BFC-2698-4AF8-83EE-7D9BBC255303}"
EndProject
Project("{FAE04EC0-301F-11D3-BF4B-00C04F79EFBC}") = "002 Starting a new Task using TaskFactory", "Starting a new Task using TaskFactory\002 Starting a new Task using TaskFactory.csproj", "{6BA9C267-6657-4E42-B7E6-6999FD554853}"
EndProject
Project("{FAE04EC0-301F-11D3-BF4B-00C04F79EFBC}") = "004 Starting Multi Task", "Starting Multi Task\004 Starting Multi Task.csproj", "{E7DD46D7-B72A-433E-B2F1-B7167DDA9CF6}"
EndProject
Project("{FAE04EC0-301F-11D3-BF4B-00C04F79EFBC}") = "005 Adding a continuation", "Adding a continuation\005 Adding a continuation.csproj", "{5C942FCF-ACCE-4002-8520-DA684F79A1D7}"
EndProject
Project("{FAE04EC0-301F-11D3-BF4B-00C04F79EFBC}") = "006 Scheduling different continuation tasks", "Scheduling different continuation tasks\006 Scheduling different continuation tasks.csproj", "{BCC65705-315D-448F-8F68-C491A55A29D4}"
EndProject
Project("{FAE04EC0-301F-11D3-BF4B-00C04F79EFBC}") = "007 Using Task.WaitAll", "Using Task.WaitAll\007 Using Task.WaitAll.csproj", "{6499F9DF-861D-471C-B47D-68AD191F3EA4}"
EndProject
Project("{FAE04EC0-301F-11D3-BF4B-00C04F79EFBC}") = "008 Using Task.WaitAny", "Using Task.WaitAny\008 Using Task.WaitAny.csproj", "{D4784E36-0DD8-4EEB-BD4E-8A4474B75A83}"
EndProject
Project("{2150E333-8FDC-42A3-9474-1A3956D46DE8}") = "Parallel", "Parallel", "{BF33357D-4C9B-471B-AB26-4B85EFFA721E}"
EndProject
Project("{FAE04EC0-301F-11D3-BF4B-00C04F79EFBC}") = "Using Parallel.For", "Using Parallel.For\Using Parallel.For.csproj", "{D2795F60-2B7D-4C6A-92A6-6BC118C75BB7}"
EndProject
Project("{FAE04EC0-301F-11D3-BF4B-00C04F79EFBC}") = "Using Parallel.Foreach", "Using Parallel.Foreach\Using Parallel.Foreach.csproj", "{12A89477-6AE7-4800-8944-67214A646ACB}"
EndProject
Project("{FAE04EC0-301F-11D3-BF4B-00C04F79EFBC}") = "Using Parallel.Break", "Using Parallel.Break\Using Parallel.Break.csproj", "{FBA874CD-FE5C-4FCE-B97E-B0805D9B8A11}"
EndProject
Project("{FAE04EC0-301F-11D3-BF4B-00C04F79EFBC}") = "001 async and await", "async and await\001 async and await.csproj", "{908B1833-7E51-4408-8700-AEF18AB80AFE}"
EndProject
Project("{FAE04EC0-301F-11D3-BF4B-00C04F79EFBC}") = "009 Using ConfigureAwait", "Using ConfigureAwait\009 Using ConfigureAwait.csproj", "{36FDD010-404F-4D85-AF8A-1A4A579B71A8}"
EndProject
Project("{FAE04EC0-301F-11D3-BF4B-00C04F79EFBC}") = "008 Race Condition", "Race Condition\008 Race Condition.csproj", "{0CF0B14F-C2FA-4204-945F-EDC259835595}"
EndProject
Project("{FAE04EC0-301F-11D3-BF4B-00C04F79EFBC}") = "008 Race Condition2", "Race Condition2\008 Race Condition2.csproj", "{F418989F-999C-40A8-9CBA-12E71D514453}"
EndProject
Project("{FAE04EC0-301F-11D3-BF4B-00C04F79EFBC}") = "009 Race Condition using lock keyword", "Race Condition using lock keyword\009 Race Condition using lock keyword.csproj", "{E8D69450-2A3C-46AE-ADCC-A73AB2AA750A}"
EndProject
Project("{2150E333-8FDC-42A3-9474-1A3956D46DE8}") = "Concurrent Collections", "Concurrent Collections", "{4A2E32FE-CD28-4087-8F65-A2DAB5C0FDB3}"
EndProject
Project("{FAE04EC0-301F-11D3-BF4B-00C04F79EFBC}") = "002 Uses ConcurrentDictionary", "Uses ConcurrentDictionary\002 Uses ConcurrentDictionary.csproj", "{DBBF0FD8-DC5F-497D-B857-F916114F8A14}"
EndProject
Project("{FAE04EC0-301F-11D3-BF4B-00C04F79EFBC}") = "001 Uses Dictionary", "Uses Dictionary\001 Uses Dictionary.csproj", "{902824B1-7DEA-4178-95E3-8EB0D16E0DFF}"
EndProject
Project("{FAE04EC0-301F-11D3-BF4B-00C04F79EFBC}") = "003 TryUpdate ConcurrentDictionary", "TryUpdate ConcurrentDictionary\003 TryUpdate ConcurrentDictionary.csproj", "{09BC4972-4A3E-43EC-B6DC-B5B82C9566E3}"
EndProject
Project("{FAE04EC0-301F-11D3-BF4B-00C04F79EFBC}") = "010 Multiple Web Requests in Parallel by Using Async and Await", "Multiple Web Requests in Parallel by Using Async and Await\010 Multiple Web Requests in Parallel by Using Async and Await.csproj", "{ADDA3014-5130-45D8-A796-5EB8B28656B6}"
EndProject
Project("{FAE04EC0-301F-11D3-BF4B-00C04F79EFBC}") = "011 Using Task.FromXXX", "Using Task.FromXXX\011 Using Task.FromXXX.csproj", "{9995D749-77A4-43E9-A1DD-E4688E074C18}"
EndProject
Project("{2150E333-8FDC-42A3-9474-1A3956D46DE8}") = "Async Await的反組譯(要搭配 ILSpy)", "Async Await的反組譯(要搭配 ILSpy)", "{2655C809-D3E6-4D34-9A14-B906F76F08D9}"
EndProject
Project("{FAE04EC0-301F-11D3-BF4B-00C04F79EFBC}") = "AsyncDemoProject", "..\AsyncDemoProject\AsyncDemoProject\AsyncDemoProject.csproj", "{EFD96077-7004-4B9A-A817-E2478CB01041}"
EndProject
Project("{FAE04EC0-301F-11D3-BF4B-00C04F79EFBC}") = "012 Task Deadlock", "Task Deadlock\012 Task Deadlock.csproj", "{5BD6904E-1B51-4705-A02C-54FAB6CBFE34}"
EndProject
Global
	GlobalSection(SolutionConfigurationPlatforms) = preSolution
		Debug|Any CPU = Debug|Any CPU
		Release|Any CPU = Release|Any CPU
	EndGlobalSection
	GlobalSection(ProjectConfigurationPlatforms) = postSolution
		{59A7DB30-EFC7-41A6-BD84-661655DF34A0}.Debug|Any CPU.ActiveCfg = Debug|Any CPU
		{59A7DB30-EFC7-41A6-BD84-661655DF34A0}.Debug|Any CPU.Build.0 = Debug|Any CPU
		{59A7DB30-EFC7-41A6-BD84-661655DF34A0}.Release|Any CPU.ActiveCfg = Release|Any CPU
		{59A7DB30-EFC7-41A6-BD84-661655DF34A0}.Release|Any CPU.Build.0 = Release|Any CPU
		{E519D88E-C177-411E-A0AE-3023EAF40F6E}.Debug|Any CPU.ActiveCfg = Debug|Any CPU
		{E519D88E-C177-411E-A0AE-3023EAF40F6E}.Debug|Any CPU.Build.0 = Debug|Any CPU
		{E519D88E-C177-411E-A0AE-3023EAF40F6E}.Release|Any CPU.ActiveCfg = Release|Any CPU
		{E519D88E-C177-411E-A0AE-3023EAF40F6E}.Release|Any CPU.Build.0 = Release|Any CPU
		{1A60722A-8AE2-4506-970F-C82E9D1F8FFA}.Debug|Any CPU.ActiveCfg = Debug|Any CPU
		{1A60722A-8AE2-4506-970F-C82E9D1F8FFA}.Debug|Any CPU.Build.0 = Debug|Any CPU
		{1A60722A-8AE2-4506-970F-C82E9D1F8FFA}.Release|Any CPU.ActiveCfg = Release|Any CPU
		{1A60722A-8AE2-4506-970F-C82E9D1F8FFA}.Release|Any CPU.Build.0 = Release|Any CPU
		{E86EEC70-0EF9-4DE4-9C1F-3B26A4EE76C0}.Debug|Any CPU.ActiveCfg = Debug|Any CPU
		{E86EEC70-0EF9-4DE4-9C1F-3B26A4EE76C0}.Debug|Any CPU.Build.0 = Debug|Any CPU
		{E86EEC70-0EF9-4DE4-9C1F-3B26A4EE76C0}.Release|Any CPU.ActiveCfg = Release|Any CPU
		{E86EEC70-0EF9-4DE4-9C1F-3B26A4EE76C0}.Release|Any CPU.Build.0 = Release|Any CPU
		{17FB158E-8A3F-4A46-A525-7F088A596523}.Debug|Any CPU.ActiveCfg = Debug|Any CPU
		{17FB158E-8A3F-4A46-A525-7F088A596523}.Debug|Any CPU.Build.0 = Debug|Any CPU
		{17FB158E-8A3F-4A46-A525-7F088A596523}.Release|Any CPU.ActiveCfg = Release|Any CPU
		{17FB158E-8A3F-4A46-A525-7F088A596523}.Release|Any CPU.Build.0 = Release|Any CPU
		{16925AB0-2F95-4677-B8F6-E7722B401EBA}.Debug|Any CPU.ActiveCfg = Debug|Any CPU
		{16925AB0-2F95-4677-B8F6-E7722B401EBA}.Debug|Any CPU.Build.0 = Debug|Any CPU
		{16925AB0-2F95-4677-B8F6-E7722B401EBA}.Release|Any CPU.ActiveCfg = Release|Any CPU
		{16925AB0-2F95-4677-B8F6-E7722B401EBA}.Release|Any CPU.Build.0 = Release|Any CPU
		{0C189472-4B58-4DB6-A513-62BB1BBA4A64}.Debug|Any CPU.ActiveCfg = Debug|Any CPU
		{0C189472-4B58-4DB6-A513-62BB1BBA4A64}.Debug|Any CPU.Build.0 = Debug|Any CPU
		{0C189472-4B58-4DB6-A513-62BB1BBA4A64}.Release|Any CPU.ActiveCfg = Release|Any CPU
		{0C189472-4B58-4DB6-A513-62BB1BBA4A64}.Release|Any CPU.Build.0 = Release|Any CPU
		{43741388-0760-47C1-84C6-0607FADDFF5C}.Debug|Any CPU.ActiveCfg = Debug|Any CPU
		{43741388-0760-47C1-84C6-0607FADDFF5C}.Debug|Any CPU.Build.0 = Debug|Any CPU
		{43741388-0760-47C1-84C6-0607FADDFF5C}.Release|Any CPU.ActiveCfg = Release|Any CPU
		{43741388-0760-47C1-84C6-0607FADDFF5C}.Release|Any CPU.Build.0 = Release|Any CPU
		{07E504C7-368D-47B1-AD41-9CA8F39BCDAC}.Debug|Any CPU.ActiveCfg = Debug|Any CPU
		{07E504C7-368D-47B1-AD41-9CA8F39BCDAC}.Debug|Any CPU.Build.0 = Debug|Any CPU
		{07E504C7-368D-47B1-AD41-9CA8F39BCDAC}.Release|Any CPU.ActiveCfg = Release|Any CPU
		{07E504C7-368D-47B1-AD41-9CA8F39BCDAC}.Release|Any CPU.Build.0 = Release|Any CPU
		{42C00E31-1BCD-47B4-B3C8-7D1654D3A664}.Debug|Any CPU.ActiveCfg = Debug|Any CPU
		{42C00E31-1BCD-47B4-B3C8-7D1654D3A664}.Debug|Any CPU.Build.0 = Debug|Any CPU
		{42C00E31-1BCD-47B4-B3C8-7D1654D3A664}.Release|Any CPU.ActiveCfg = Release|Any CPU
		{42C00E31-1BCD-47B4-B3C8-7D1654D3A664}.Release|Any CPU.Build.0 = Release|Any CPU
		{A9ED97A4-9A98-4E06-8017-7D1F3C2BEDFC}.Debug|Any CPU.ActiveCfg = Debug|Any CPU
		{A9ED97A4-9A98-4E06-8017-7D1F3C2BEDFC}.Debug|Any CPU.Build.0 = Debug|Any CPU
		{A9ED97A4-9A98-4E06-8017-7D1F3C2BEDFC}.Release|Any CPU.ActiveCfg = Release|Any CPU
		{A9ED97A4-9A98-4E06-8017-7D1F3C2BEDFC}.Release|Any CPU.Build.0 = Release|Any CPU
		{5456260D-36DF-4A71-B018-604F0F459E9F}.Debug|Any CPU.ActiveCfg = Debug|Any CPU
		{5456260D-36DF-4A71-B018-604F0F459E9F}.Debug|Any CPU.Build.0 = Debug|Any CPU
		{5456260D-36DF-4A71-B018-604F0F459E9F}.Release|Any CPU.ActiveCfg = Release|Any CPU
		{5456260D-36DF-4A71-B018-604F0F459E9F}.Release|Any CPU.Build.0 = Release|Any CPU
		{E8CD0734-D222-4842-8581-2C06F0927E5E}.Debug|Any CPU.ActiveCfg = Debug|Any CPU
		{E8CD0734-D222-4842-8581-2C06F0927E5E}.Debug|Any CPU.Build.0 = Debug|Any CPU
		{E8CD0734-D222-4842-8581-2C06F0927E5E}.Release|Any CPU.ActiveCfg = Release|Any CPU
		{E8CD0734-D222-4842-8581-2C06F0927E5E}.Release|Any CPU.Build.0 = Release|Any CPU
		{6D73385A-1CB4-4F5D-9AD7-6921B9A526A2}.Debug|Any CPU.ActiveCfg = Debug|Any CPU
		{6D73385A-1CB4-4F5D-9AD7-6921B9A526A2}.Debug|Any CPU.Build.0 = Debug|Any CPU
		{6D73385A-1CB4-4F5D-9AD7-6921B9A526A2}.Release|Any CPU.ActiveCfg = Release|Any CPU
		{6D73385A-1CB4-4F5D-9AD7-6921B9A526A2}.Release|Any CPU.Build.0 = Release|Any CPU
		{DA6493F9-95AD-449D-8C37-3D4294760B90}.Debug|Any CPU.ActiveCfg = Debug|Any CPU
		{DA6493F9-95AD-449D-8C37-3D4294760B90}.Debug|Any CPU.Build.0 = Debug|Any CPU
		{DA6493F9-95AD-449D-8C37-3D4294760B90}.Release|Any CPU.ActiveCfg = Release|Any CPU
		{DA6493F9-95AD-449D-8C37-3D4294760B90}.Release|Any CPU.Build.0 = Release|Any CPU
		{B95D0BFC-2698-4AF8-83EE-7D9BBC255303}.Debug|Any CPU.ActiveCfg = Debug|Any CPU
		{B95D0BFC-2698-4AF8-83EE-7D9BBC255303}.Debug|Any CPU.Build.0 = Debug|Any CPU
		{B95D0BFC-2698-4AF8-83EE-7D9BBC255303}.Release|Any CPU.ActiveCfg = Release|Any CPU
		{B95D0BFC-2698-4AF8-83EE-7D9BBC255303}.Release|Any CPU.Build.0 = Release|Any CPU
		{6BA9C267-6657-4E42-B7E6-6999FD554853}.Debug|Any CPU.ActiveCfg = Debug|Any CPU
		{6BA9C267-6657-4E42-B7E6-6999FD554853}.Debug|Any CPU.Build.0 = Debug|Any CPU
		{6BA9C267-6657-4E42-B7E6-6999FD554853}.Release|Any CPU.ActiveCfg = Release|Any CPU
		{6BA9C267-6657-4E42-B7E6-6999FD554853}.Release|Any CPU.Build.0 = Release|Any CPU
		{E7DD46D7-B72A-433E-B2F1-B7167DDA9CF6}.Debug|Any CPU.ActiveCfg = Debug|Any CPU
		{E7DD46D7-B72A-433E-B2F1-B7167DDA9CF6}.Debug|Any CPU.Build.0 = Debug|Any CPU
		{E7DD46D7-B72A-433E-B2F1-B7167DDA9CF6}.Release|Any CPU.ActiveCfg = Release|Any CPU
		{E7DD46D7-B72A-433E-B2F1-B7167DDA9CF6}.Release|Any CPU.Build.0 = Release|Any CPU
		{5C942FCF-ACCE-4002-8520-DA684F79A1D7}.Debug|Any CPU.ActiveCfg = Debug|Any CPU
		{5C942FCF-ACCE-4002-8520-DA684F79A1D7}.Debug|Any CPU.Build.0 = Debug|Any CPU
		{5C942FCF-ACCE-4002-8520-DA684F79A1D7}.Release|Any CPU.ActiveCfg = Release|Any CPU
		{5C942FCF-ACCE-4002-8520-DA684F79A1D7}.Release|Any CPU.Build.0 = Release|Any CPU
		{BCC65705-315D-448F-8F68-C491A55A29D4}.Debug|Any CPU.ActiveCfg = Debug|Any CPU
		{BCC65705-315D-448F-8F68-C491A55A29D4}.Debug|Any CPU.Build.0 = Debug|Any CPU
		{BCC65705-315D-448F-8F68-C491A55A29D4}.Release|Any CPU.ActiveCfg = Release|Any CPU
		{BCC65705-315D-448F-8F68-C491A55A29D4}.Release|Any CPU.Build.0 = Release|Any CPU
		{6499F9DF-861D-471C-B47D-68AD191F3EA4}.Debug|Any CPU.ActiveCfg = Debug|Any CPU
		{6499F9DF-861D-471C-B47D-68AD191F3EA4}.Debug|Any CPU.Build.0 = Debug|Any CPU
		{6499F9DF-861D-471C-B47D-68AD191F3EA4}.Release|Any CPU.ActiveCfg = Release|Any CPU
		{6499F9DF-861D-471C-B47D-68AD191F3EA4}.Release|Any CPU.Build.0 = Release|Any CPU
		{D4784E36-0DD8-4EEB-BD4E-8A4474B75A83}.Debug|Any CPU.ActiveCfg = Debug|Any CPU
		{D4784E36-0DD8-4EEB-BD4E-8A4474B75A83}.Debug|Any CPU.Build.0 = Debug|Any CPU
		{D4784E36-0DD8-4EEB-BD4E-8A4474B75A83}.Release|Any CPU.ActiveCfg = Release|Any CPU
		{D4784E36-0DD8-4EEB-BD4E-8A4474B75A83}.Release|Any CPU.Build.0 = Release|Any CPU
		{D2795F60-2B7D-4C6A-92A6-6BC118C75BB7}.Debug|Any CPU.ActiveCfg = Debug|Any CPU
		{D2795F60-2B7D-4C6A-92A6-6BC118C75BB7}.Debug|Any CPU.Build.0 = Debug|Any CPU
		{D2795F60-2B7D-4C6A-92A6-6BC118C75BB7}.Release|Any CPU.ActiveCfg = Release|Any CPU
		{D2795F60-2B7D-4C6A-92A6-6BC118C75BB7}.Release|Any CPU.Build.0 = Release|Any CPU
		{12A89477-6AE7-4800-8944-67214A646ACB}.Debug|Any CPU.ActiveCfg = Debug|Any CPU
		{12A89477-6AE7-4800-8944-67214A646ACB}.Debug|Any CPU.Build.0 = Debug|Any CPU
		{12A89477-6AE7-4800-8944-67214A646ACB}.Release|Any CPU.ActiveCfg = Release|Any CPU
		{12A89477-6AE7-4800-8944-67214A646ACB}.Release|Any CPU.Build.0 = Release|Any CPU
		{FBA874CD-FE5C-4FCE-B97E-B0805D9B8A11}.Debug|Any CPU.ActiveCfg = Debug|Any CPU
		{FBA874CD-FE5C-4FCE-B97E-B0805D9B8A11}.Debug|Any CPU.Build.0 = Debug|Any CPU
		{FBA874CD-FE5C-4FCE-B97E-B0805D9B8A11}.Release|Any CPU.ActiveCfg = Release|Any CPU
		{FBA874CD-FE5C-4FCE-B97E-B0805D9B8A11}.Release|Any CPU.Build.0 = Release|Any CPU
		{908B1833-7E51-4408-8700-AEF18AB80AFE}.Debug|Any CPU.ActiveCfg = Debug|Any CPU
		{908B1833-7E51-4408-8700-AEF18AB80AFE}.Debug|Any CPU.Build.0 = Debug|Any CPU
		{908B1833-7E51-4408-8700-AEF18AB80AFE}.Release|Any CPU.ActiveCfg = Release|Any CPU
		{908B1833-7E51-4408-8700-AEF18AB80AFE}.Release|Any CPU.Build.0 = Release|Any CPU
		{36FDD010-404F-4D85-AF8A-1A4A579B71A8}.Debug|Any CPU.ActiveCfg = Debug|Any CPU
		{36FDD010-404F-4D85-AF8A-1A4A579B71A8}.Debug|Any CPU.Build.0 = Debug|Any CPU
		{36FDD010-404F-4D85-AF8A-1A4A579B71A8}.Release|Any CPU.ActiveCfg = Release|Any CPU
		{36FDD010-404F-4D85-AF8A-1A4A579B71A8}.Release|Any CPU.Build.0 = Release|Any CPU
		{0CF0B14F-C2FA-4204-945F-EDC259835595}.Debug|Any CPU.ActiveCfg = Debug|Any CPU
		{0CF0B14F-C2FA-4204-945F-EDC259835595}.Debug|Any CPU.Build.0 = Debug|Any CPU
		{0CF0B14F-C2FA-4204-945F-EDC259835595}.Release|Any CPU.ActiveCfg = Release|Any CPU
		{0CF0B14F-C2FA-4204-945F-EDC259835595}.Release|Any CPU.Build.0 = Release|Any CPU
		{F418989F-999C-40A8-9CBA-12E71D514453}.Debug|Any CPU.ActiveCfg = Debug|Any CPU
		{F418989F-999C-40A8-9CBA-12E71D514453}.Debug|Any CPU.Build.0 = Debug|Any CPU
		{F418989F-999C-40A8-9CBA-12E71D514453}.Release|Any CPU.ActiveCfg = Release|Any CPU
		{F418989F-999C-40A8-9CBA-12E71D514453}.Release|Any CPU.Build.0 = Release|Any CPU
		{E8D69450-2A3C-46AE-ADCC-A73AB2AA750A}.Debug|Any CPU.ActiveCfg = Debug|Any CPU
		{E8D69450-2A3C-46AE-ADCC-A73AB2AA750A}.Debug|Any CPU.Build.0 = Debug|Any CPU
		{E8D69450-2A3C-46AE-ADCC-A73AB2AA750A}.Release|Any CPU.ActiveCfg = Release|Any CPU
		{E8D69450-2A3C-46AE-ADCC-A73AB2AA750A}.Release|Any CPU.Build.0 = Release|Any CPU
		{DBBF0FD8-DC5F-497D-B857-F916114F8A14}.Debug|Any CPU.ActiveCfg = Debug|Any CPU
		{DBBF0FD8-DC5F-497D-B857-F916114F8A14}.Debug|Any CPU.Build.0 = Debug|Any CPU
		{DBBF0FD8-DC5F-497D-B857-F916114F8A14}.Release|Any CPU.ActiveCfg = Release|Any CPU
		{DBBF0FD8-DC5F-497D-B857-F916114F8A14}.Release|Any CPU.Build.0 = Release|Any CPU
		{902824B1-7DEA-4178-95E3-8EB0D16E0DFF}.Debug|Any CPU.ActiveCfg = Debug|Any CPU
		{902824B1-7DEA-4178-95E3-8EB0D16E0DFF}.Debug|Any CPU.Build.0 = Debug|Any CPU
		{902824B1-7DEA-4178-95E3-8EB0D16E0DFF}.Release|Any CPU.ActiveCfg = Release|Any CPU
		{902824B1-7DEA-4178-95E3-8EB0D16E0DFF}.Release|Any CPU.Build.0 = Release|Any CPU
		{09BC4972-4A3E-43EC-B6DC-B5B82C9566E3}.Debug|Any CPU.ActiveCfg = Debug|Any CPU
		{09BC4972-4A3E-43EC-B6DC-B5B82C9566E3}.Debug|Any CPU.Build.0 = Debug|Any CPU
		{09BC4972-4A3E-43EC-B6DC-B5B82C9566E3}.Release|Any CPU.ActiveCfg = Release|Any CPU
		{09BC4972-4A3E-43EC-B6DC-B5B82C9566E3}.Release|Any CPU.Build.0 = Release|Any CPU
		{ADDA3014-5130-45D8-A796-5EB8B28656B6}.Debug|Any CPU.ActiveCfg = Debug|Any CPU
		{ADDA3014-5130-45D8-A796-5EB8B28656B6}.Debug|Any CPU.Build.0 = Debug|Any CPU
		{ADDA3014-5130-45D8-A796-5EB8B28656B6}.Release|Any CPU.ActiveCfg = Release|Any CPU
		{ADDA3014-5130-45D8-A796-5EB8B28656B6}.Release|Any CPU.Build.0 = Release|Any CPU
		{9995D749-77A4-43E9-A1DD-E4688E074C18}.Debug|Any CPU.ActiveCfg = Debug|Any CPU
		{9995D749-77A4-43E9-A1DD-E4688E074C18}.Debug|Any CPU.Build.0 = Debug|Any CPU
		{9995D749-77A4-43E9-A1DD-E4688E074C18}.Release|Any CPU.ActiveCfg = Release|Any CPU
		{9995D749-77A4-43E9-A1DD-E4688E074C18}.Release|Any CPU.Build.0 = Release|Any CPU
		{EFD96077-7004-4B9A-A817-E2478CB01041}.Debug|Any CPU.ActiveCfg = Debug|Any CPU
		{EFD96077-7004-4B9A-A817-E2478CB01041}.Debug|Any CPU.Build.0 = Debug|Any CPU
		{EFD96077-7004-4B9A-A817-E2478CB01041}.Release|Any CPU.ActiveCfg = Release|Any CPU
		{EFD96077-7004-4B9A-A817-E2478CB01041}.Release|Any CPU.Build.0 = Release|Any CPU
		{5BD6904E-1B51-4705-A02C-54FAB6CBFE34}.Debug|Any CPU.ActiveCfg = Debug|Any CPU
		{5BD6904E-1B51-4705-A02C-54FAB6CBFE34}.Debug|Any CPU.Build.0 = Debug|Any CPU
		{5BD6904E-1B51-4705-A02C-54FAB6CBFE34}.Release|Any CPU.ActiveCfg = Release|Any CPU
		{5BD6904E-1B51-4705-A02C-54FAB6CBFE34}.Release|Any CPU.Build.0 = Release|Any CPU
	EndGlobalSection
	GlobalSection(SolutionProperties) = preSolution
		HideSolutionNode = FALSE
	EndGlobalSection
	GlobalSection(NestedProjects) = preSolution
		{59A7DB30-EFC7-41A6-BD84-661655DF34A0} = {BDDE201C-D921-4816-8A5A-D3C338350C82}
		{E519D88E-C177-411E-A0AE-3023EAF40F6E} = {0E5583B2-79B4-4B0B-96D8-B2B9969B988A}
		{1A60722A-8AE2-4506-970F-C82E9D1F8FFA} = {0E5583B2-79B4-4B0B-96D8-B2B9969B988A}
		{E86EEC70-0EF9-4DE4-9C1F-3B26A4EE76C0} = {0E5583B2-79B4-4B0B-96D8-B2B9969B988A}
		{17FB158E-8A3F-4A46-A525-7F088A596523} = {0E5583B2-79B4-4B0B-96D8-B2B9969B988A}
		{16925AB0-2F95-4677-B8F6-E7722B401EBA} = {327CA894-8C8B-4CC8-8172-C32D6D87212D}
		{0C189472-4B58-4DB6-A513-62BB1BBA4A64} = {327CA894-8C8B-4CC8-8172-C32D6D87212D}
		{43741388-0760-47C1-84C6-0607FADDFF5C} = {327CA894-8C8B-4CC8-8172-C32D6D87212D}
		{07E504C7-368D-47B1-AD41-9CA8F39BCDAC} = {BDDE201C-D921-4816-8A5A-D3C338350C82}
		{42C00E31-1BCD-47B4-B3C8-7D1654D3A664} = {BDDE201C-D921-4816-8A5A-D3C338350C82}
		{A9ED97A4-9A98-4E06-8017-7D1F3C2BEDFC} = {BDDE201C-D921-4816-8A5A-D3C338350C82}
		{5456260D-36DF-4A71-B018-604F0F459E9F} = {BDDE201C-D921-4816-8A5A-D3C338350C82}
		{E8CD0734-D222-4842-8581-2C06F0927E5E} = {BDDE201C-D921-4816-8A5A-D3C338350C82}
		{6D73385A-1CB4-4F5D-9AD7-6921B9A526A2} = {BDDE201C-D921-4816-8A5A-D3C338350C82}
		{DA6493F9-95AD-449D-8C37-3D4294760B90} = {5F0D12E2-E577-45CA-B65C-6B754F60EDFD}
		{B95D0BFC-2698-4AF8-83EE-7D9BBC255303} = {5F0D12E2-E577-45CA-B65C-6B754F60EDFD}
		{6BA9C267-6657-4E42-B7E6-6999FD554853} = {5F0D12E2-E577-45CA-B65C-6B754F60EDFD}
		{E7DD46D7-B72A-433E-B2F1-B7167DDA9CF6} = {5F0D12E2-E577-45CA-B65C-6B754F60EDFD}
		{5C942FCF-ACCE-4002-8520-DA684F79A1D7} = {5F0D12E2-E577-45CA-B65C-6B754F60EDFD}
		{BCC65705-315D-448F-8F68-C491A55A29D4} = {5F0D12E2-E577-45CA-B65C-6B754F60EDFD}
		{6499F9DF-861D-471C-B47D-68AD191F3EA4} = {5F0D12E2-E577-45CA-B65C-6B754F60EDFD}
		{D4784E36-0DD8-4EEB-BD4E-8A4474B75A83} = {5F0D12E2-E577-45CA-B65C-6B754F60EDFD}
		{D2795F60-2B7D-4C6A-92A6-6BC118C75BB7} = {BF33357D-4C9B-471B-AB26-4B85EFFA721E}
		{12A89477-6AE7-4800-8944-67214A646ACB} = {BF33357D-4C9B-471B-AB26-4B85EFFA721E}
		{FBA874CD-FE5C-4FCE-B97E-B0805D9B8A11} = {BF33357D-4C9B-471B-AB26-4B85EFFA721E}
		{908B1833-7E51-4408-8700-AEF18AB80AFE} = {5F0D12E2-E577-45CA-B65C-6B754F60EDFD}
		{36FDD010-404F-4D85-AF8A-1A4A579B71A8} = {5F0D12E2-E577-45CA-B65C-6B754F60EDFD}
		{0CF0B14F-C2FA-4204-945F-EDC259835595} = {BDDE201C-D921-4816-8A5A-D3C338350C82}
		{F418989F-999C-40A8-9CBA-12E71D514453} = {BDDE201C-D921-4816-8A5A-D3C338350C82}
		{E8D69450-2A3C-46AE-ADCC-A73AB2AA750A} = {BDDE201C-D921-4816-8A5A-D3C338350C82}
		{DBBF0FD8-DC5F-497D-B857-F916114F8A14} = {4A2E32FE-CD28-4087-8F65-A2DAB5C0FDB3}
		{902824B1-7DEA-4178-95E3-8EB0D16E0DFF} = {4A2E32FE-CD28-4087-8F65-A2DAB5C0FDB3}
		{09BC4972-4A3E-43EC-B6DC-B5B82C9566E3} = {4A2E32FE-CD28-4087-8F65-A2DAB5C0FDB3}
		{ADDA3014-5130-45D8-A796-5EB8B28656B6} = {5F0D12E2-E577-45CA-B65C-6B754F60EDFD}
		{9995D749-77A4-43E9-A1DD-E4688E074C18} = {5F0D12E2-E577-45CA-B65C-6B754F60EDFD}
		{EFD96077-7004-4B9A-A817-E2478CB01041} = {2655C809-D3E6-4D34-9A14-B906F76F08D9}
		{5BD6904E-1B51-4705-A02C-54FAB6CBFE34} = {5F0D12E2-E577-45CA-B65C-6B754F60EDFD}
	EndGlobalSection
EndGlobal
